
Microsoft Visual Studio Solution File, Format Version 12.00
# Visual Studio Version 16
VisualStudioVersion = 16.0.28803.452
MinimumVisualStudioVersion = 10.0.40219.1
Project("{FAE04EC0-301F-11D3-BF4B-00C04F79EFBC}") = "ReportPDF", "ReportPDF\ReportPDF.csproj", "{CBAAECCE-D663-4B00-98CC-FD9BB67C6259}"
EndProject
Global
	GlobalSection(SolutionConfigurationPlatforms) = preSolution
		Debug|Any CPU = Debug|Any CPU
		Release|Any CPU = Release|Any CPU
	EndGlobalSection
	GlobalSection(ProjectConfigurationPlatforms) = postSolution
		{CBAAECCE-D663-4B00-98CC-FD9BB67C6259}.Debug|Any CPU.ActiveCfg = Debug|Any CPU
		{CBAAECCE-D663-4B00-98CC-FD9BB67C6259}.Debug|Any CPU.Build.0 = Debug|Any CPU
		{CBAAECCE-D663-4B00-98CC-FD9BB67C6259}.Release|Any CPU.ActiveCfg = Release|Any CPU
		{CBAAECCE-D663-4B00-98CC-FD9BB67C6259}.Release|Any CPU.Build.0 = Release|Any CPU
	EndGlobalSection
	GlobalSection(SolutionProperties) = preSolution
		HideSolutionNode = FALSE
	EndGlobalSection
	GlobalSection(ExtensibilityGlobals) = postSolution
		SolutionGuid = {60E436E8-AA76-4F7A-A42E-2F8278421BCA}
	EndGlobalSection
EndGlobal
