
Microsoft Visual Studio Solution File, Format Version 12.00
# Visual Studio Version 16
VisualStudioVersion = 16.0.28803.452
MinimumVisualStudioVersion = 10.0.40219.1
Project("{FAE04EC0-301F-11D3-BF4B-00C04F79EFBC}") = "increment", "increment\increment.csproj", "{BF3431C5-9FD9-448E-8E1E-4A1FFBDC1088}"
EndProject
Global
	GlobalSection(SolutionConfigurationPlatforms) = preSolution
		Debug|Any CPU = Debug|Any CPU
		Release|Any CPU = Release|Any CPU
	EndGlobalSection
	GlobalSection(ProjectConfigurationPlatforms) = postSolution
		{BF3431C5-9FD9-448E-8E1E-4A1FFBDC1088}.Debug|Any CPU.ActiveCfg = Debug|Any CPU
		{BF3431C5-9FD9-448E-8E1E-4A1FFBDC1088}.Debug|Any CPU.Build.0 = Debug|Any CPU
		{BF3431C5-9FD9-448E-8E1E-4A1FFBDC1088}.Release|Any CPU.ActiveCfg = Release|Any CPU
		{BF3431C5-9FD9-448E-8E1E-4A1FFBDC1088}.Release|Any CPU.Build.0 = Release|Any CPU
	EndGlobalSection
	GlobalSection(SolutionProperties) = preSolution
		HideSolutionNode = FALSE
	EndGlobalSection
	GlobalSection(ExtensibilityGlobals) = postSolution
		SolutionGuid = {9B487B21-FD75-4FE8-AD2F-C588BC3C0689}
	EndGlobalSection
EndGlobal
